// !$*UTF8*$!
{
	archiveVersion = 1;
	classes = {
	};
	objectVersion = 56;
	objects = {

/* Begin PBXBuildFile section */
		DB095FAC2CB8941600F420C3 /* RickAndMortyAppApp.swift in Sources */ = {isa = PBXBuildFile; fileRef = DB095FAB2CB8941600F420C3 /* RickAndMortyAppApp.swift */; };
		DB095FAE2CB8941600F420C3 /* ContentView.swift in Sources */ = {isa = PBXBuildFile; fileRef = DB095FAD2CB8941600F420C3 /* ContentView.swift */; };
		DB095FB02CB8941700F420C3 /* Assets.xcassets in Resources */ = {isa = PBXBuildFile; fileRef = DB095FAF2CB8941700F420C3 /* Assets.xcassets */; };
		DB095FB32CB8941700F420C3 /* Preview Assets.xcassets in Resources */ = {isa = PBXBuildFile; fileRef = DB095FB22CB8941700F420C3 /* Preview Assets.xcassets */; };
		DB095FBB2CB8958F00F420C3 /* Alamofire in Frameworks */ = {isa = PBXBuildFile; productRef = DB095FBA2CB8958F00F420C3 /* Alamofire */; };
		DB095FBD2CB8958F00F420C3 /* AlamofireDynamic in Frameworks */ = {isa = PBXBuildFile; productRef = DB095FBC2CB8958F00F420C3 /* AlamofireDynamic */; };
		DB095FC22CB8961F00F420C3 /* CharacterModel.swift in Sources */ = {isa = PBXBuildFile; fileRef = DB095FC12CB8961F00F420C3 /* CharacterModel.swift */; };
		DB095FC62CB896EF00F420C3 /* NetworkService.swift in Sources */ = {isa = PBXBuildFile; fileRef = DB095FC52CB896EF00F420C3 /* NetworkService.swift */; };
		DB095FC82CB8987C00F420C3 /* RickAndMortyService.swift in Sources */ = {isa = PBXBuildFile; fileRef = DB095FC72CB8987C00F420C3 /* RickAndMortyService.swift */; };
		DB095FCA2CB898FB00F420C3 /* CharacterViewModel.swift in Sources */ = {isa = PBXBuildFile; fileRef = DB095FC92CB898FB00F420C3 /* CharacterViewModel.swift */; };
		DB095FCC2CB89A2100F420C3 /* CharacterListView.swift in Sources */ = {isa = PBXBuildFile; fileRef = DB095FCB2CB89A2000F420C3 /* CharacterListView.swift */; };
		DB095FCF2CB89EEA00F420C3 /* RMImageView.swift in Sources */ = {isa = PBXBuildFile; fileRef = DB095FCE2CB89EEA00F420C3 /* RMImageView.swift */; };
		DB095FD22CB8A03900F420C3 /* Constants.swift in Sources */ = {isa = PBXBuildFile; fileRef = DB095FD12CB8A03900F420C3 /* Constants.swift */; };
		DB4D0DC02CC17C4B0053EC2F /* FieldValidator.swift in Sources */ = {isa = PBXBuildFile; fileRef = DB4D0DBF2CC17C4B0053EC2F /* FieldValidator.swift */; };
		DBAA824F2CC0351C003294CB /* LoginView.swift in Sources */ = {isa = PBXBuildFile; fileRef = DBAA824E2CC0351C003294CB /* LoginView.swift */; };
		DBAA82522CC03AFB003294CB /* UIFactory.swift in Sources */ = {isa = PBXBuildFile; fileRef = DBAA82512CC03AFB003294CB /* UIFactory.swift */; };
		DBC506422CCD2151003F76BD /* HomeTabView.swift in Sources */ = {isa = PBXBuildFile; fileRef = DBC506412CCD2151003F76BD /* HomeTabView.swift */; };
		DBCBFF2C2CBEEADE00C3F385 /* SplashScreenView.swift in Sources */ = {isa = PBXBuildFile; fileRef = DBCBFF2B2CBEEADE00C3F385 /* SplashScreenView.swift */; };
		DBE1858D2CC1831100C81C56 /* RMAlert.swift in Sources */ = {isa = PBXBuildFile; fileRef = DBE1858C2CC1831100C81C56 /* RMAlert.swift */; };
		DBE66AAF2CCC6F2A00B74BDE /* LoginViewModel.swift in Sources */ = {isa = PBXBuildFile; fileRef = DBE66AAE2CCC6F2A00B74BDE /* LoginViewModel.swift */; };
		DBF33DAA2CBDFF2D0046E503 /* Launch Screen.storyboard in Resources */ = {isa = PBXBuildFile; fileRef = DBF33DA92CBDFF2D0046E503 /* Launch Screen.storyboard */; };
/* End PBXBuildFile section */

/* Begin PBXFileReference section */
		DB095FA82CB8941600F420C3 /* RickAndMortyApp.app */ = {isa = PBXFileReference; explicitFileType = wrapper.application; includeInIndex = 0; path = RickAndMortyApp.app; sourceTree = BUILT_PRODUCTS_DIR; };
		DB095FAB2CB8941600F420C3 /* RickAndMortyAppApp.swift */ = {isa = PBXFileReference; lastKnownFileType = sourcecode.swift; path = RickAndMortyAppApp.swift; sourceTree = "<group>"; };
		DB095FAD2CB8941600F420C3 /* ContentView.swift */ = {isa = PBXFileReference; lastKnownFileType = sourcecode.swift; path = ContentView.swift; sourceTree = "<group>"; };
		DB095FAF2CB8941700F420C3 /* Assets.xcassets */ = {isa = PBXFileReference; lastKnownFileType = folder.assetcatalog; path = Assets.xcassets; sourceTree = "<group>"; };
		DB095FB22CB8941700F420C3 /* Preview Assets.xcassets */ = {isa = PBXFileReference; lastKnownFileType = folder.assetcatalog; path = "Preview Assets.xcassets"; sourceTree = "<group>"; };
		DB095FC12CB8961F00F420C3 /* CharacterModel.swift */ = {isa = PBXFileReference; lastKnownFileType = sourcecode.swift; path = CharacterModel.swift; sourceTree = "<group>"; };
		DB095FC52CB896EF00F420C3 /* NetworkService.swift */ = {isa = PBXFileReference; lastKnownFileType = sourcecode.swift; path = NetworkService.swift; sourceTree = "<group>"; };
		DB095FC72CB8987C00F420C3 /* RickAndMortyService.swift */ = {isa = PBXFileReference; lastKnownFileType = sourcecode.swift; path = RickAndMortyService.swift; sourceTree = "<group>"; };
		DB095FC92CB898FB00F420C3 /* CharacterViewModel.swift */ = {isa = PBXFileReference; lastKnownFileType = sourcecode.swift; path = CharacterViewModel.swift; sourceTree = "<group>"; };
		DB095FCB2CB89A2000F420C3 /* CharacterListView.swift */ = {isa = PBXFileReference; lastKnownFileType = sourcecode.swift; path = CharacterListView.swift; sourceTree = "<group>"; };
		DB095FCE2CB89EEA00F420C3 /* RMImageView.swift */ = {isa = PBXFileReference; lastKnownFileType = sourcecode.swift; path = RMImageView.swift; sourceTree = "<group>"; };
		DB095FD12CB8A03900F420C3 /* Constants.swift */ = {isa = PBXFileReference; lastKnownFileType = sourcecode.swift; path = Constants.swift; sourceTree = "<group>"; };
		DB4D0DBF2CC17C4B0053EC2F /* FieldValidator.swift */ = {isa = PBXFileReference; lastKnownFileType = sourcecode.swift; path = FieldValidator.swift; sourceTree = "<group>"; };
		DBAA824E2CC0351C003294CB /* LoginView.swift */ = {isa = PBXFileReference; lastKnownFileType = sourcecode.swift; path = LoginView.swift; sourceTree = "<group>"; };
		DBAA82512CC03AFB003294CB /* UIFactory.swift */ = {isa = PBXFileReference; lastKnownFileType = sourcecode.swift; path = UIFactory.swift; sourceTree = "<group>"; };
		DBC506412CCD2151003F76BD /* HomeTabView.swift */ = {isa = PBXFileReference; lastKnownFileType = sourcecode.swift; path = HomeTabView.swift; sourceTree = "<group>"; };
		DBCBFF2B2CBEEADE00C3F385 /* SplashScreenView.swift */ = {isa = PBXFileReference; lastKnownFileType = sourcecode.swift; path = SplashScreenView.swift; sourceTree = "<group>"; };
		DBE1858C2CC1831100C81C56 /* RMAlert.swift */ = {isa = PBXFileReference; lastKnownFileType = sourcecode.swift; path = RMAlert.swift; sourceTree = "<group>"; };
		DBE66AAE2CCC6F2A00B74BDE /* LoginViewModel.swift */ = {isa = PBXFileReference; lastKnownFileType = sourcecode.swift; path = LoginViewModel.swift; sourceTree = "<group>"; };
		DBF33DA92CBDFF2D0046E503 /* Launch Screen.storyboard */ = {isa = PBXFileReference; lastKnownFileType = file.storyboard; path = "Launch Screen.storyboard"; sourceTree = "<group>"; };
/* End PBXFileReference section */

/* Begin PBXFrameworksBuildPhase section */
		DB095FA52CB8941600F420C3 /* Frameworks */ = {
			isa = PBXFrameworksBuildPhase;
			buildActionMask = 2147483647;
			files = (
				DB095FBB2CB8958F00F420C3 /* Alamofire in Frameworks */,
				DB095FBD2CB8958F00F420C3 /* AlamofireDynamic in Frameworks */,
			);
			runOnlyForDeploymentPostprocessing = 0;
		};
/* End PBXFrameworksBuildPhase section */

/* Begin PBXGroup section */
		DB095F9F2CB8941600F420C3 = {
			isa = PBXGroup;
			children = (
				DB095FAA2CB8941600F420C3 /* RickAndMortyApp */,
				DB095FA92CB8941600F420C3 /* Products */,
			);
			sourceTree = "<group>";
		};
		DB095FA92CB8941600F420C3 /* Products */ = {
			isa = PBXGroup;
			children = (
				DB095FA82CB8941600F420C3 /* RickAndMortyApp.app */,
			);
			name = Products;
			sourceTree = "<group>";
		};
		DB095FAA2CB8941600F420C3 /* RickAndMortyApp */ = {
			isa = PBXGroup;
			children = (
				DBAA82492CC033EE003294CB /* Modules */,
				DB095FD02CB8A02A00F420C3 /* Utilities */,
				DB095FC42CB896DC00F420C3 /* Networking */,
				DB095FC32CB896CB00F420C3 /* Protocols */,
				DB095FC02CB895CD00F420C3 /* Reusable */,
				DB095FBE2CB895BB00F420C3 /* Model */,
				DB095FAB2CB8941600F420C3 /* RickAndMortyAppApp.swift */,
				DB095FAF2CB8941700F420C3 /* Assets.xcassets */,
				DB095FB12CB8941700F420C3 /* Preview Content */,
				DBF33DA92CBDFF2D0046E503 /* Launch Screen.storyboard */,
			);
			path = RickAndMortyApp;
			sourceTree = "<group>";
		};
		DB095FB12CB8941700F420C3 /* Preview Content */ = {
			isa = PBXGroup;
			children = (
				DB095FB22CB8941700F420C3 /* Preview Assets.xcassets */,
			);
			path = "Preview Content";
			sourceTree = "<group>";
		};
		DB095FBE2CB895BB00F420C3 /* Model */ = {
			isa = PBXGroup;
			children = (
				DB095FC12CB8961F00F420C3 /* CharacterModel.swift */,
			);
			path = Model;
			sourceTree = "<group>";
		};
		DB095FC02CB895CD00F420C3 /* Reusable */ = {
			isa = PBXGroup;
			children = (
				DB095FCD2CB89ED100F420C3 /* Views */,
			);
			path = Reusable;
			sourceTree = "<group>";
		};
		DB095FC32CB896CB00F420C3 /* Protocols */ = {
			isa = PBXGroup;
			children = (
				DB095FC52CB896EF00F420C3 /* NetworkService.swift */,
			);
			path = Protocols;
			sourceTree = "<group>";
		};
		DB095FC42CB896DC00F420C3 /* Networking */ = {
			isa = PBXGroup;
			children = (
				DB095FC72CB8987C00F420C3 /* RickAndMortyService.swift */,
			);
			path = Networking;
			sourceTree = "<group>";
		};
		DB095FCD2CB89ED100F420C3 /* Views */ = {
			isa = PBXGroup;
			children = (
				DB095FCE2CB89EEA00F420C3 /* RMImageView.swift */,
				DBAA82512CC03AFB003294CB /* UIFactory.swift */,
				DBE1858C2CC1831100C81C56 /* RMAlert.swift */,
			);
			path = Views;
			sourceTree = "<group>";
		};
		DB095FD02CB8A02A00F420C3 /* Utilities */ = {
			isa = PBXGroup;
			children = (
				DB095FD12CB8A03900F420C3 /* Constants.swift */,
				DB4D0DBF2CC17C4B0053EC2F /* FieldValidator.swift */,
			);
			path = Utilities;
			sourceTree = "<group>";
		};
		DBAA82492CC033EE003294CB /* Modules */ = {
			isa = PBXGroup;
			children = (
				DBC506402CCD2135003F76BD /* Home */,
				DBAA824D2CC0350B003294CB /* Login */,
				DBAA824C2CC03456003294CB /* Characters */,
				DBAA824B2CC03449003294CB /* Main */,
				DBAA824A2CC0341E003294CB /* Splash */,
			);
			path = Modules;
			sourceTree = "<group>";
		};
		DBAA824A2CC0341E003294CB /* Splash */ = {
			isa = PBXGroup;
			children = (
				DBCBFF2B2CBEEADE00C3F385 /* SplashScreenView.swift */,
			);
			path = Splash;
			sourceTree = "<group>";
		};
		DBAA824B2CC03449003294CB /* Main */ = {
			isa = PBXGroup;
			children = (
				DB095FAD2CB8941600F420C3 /* ContentView.swift */,
			);
			path = Main;
			sourceTree = "<group>";
		};
		DBAA824C2CC03456003294CB /* Characters */ = {
			isa = PBXGroup;
			children = (
				DB095FC92CB898FB00F420C3 /* CharacterViewModel.swift */,
				DB095FCB2CB89A2000F420C3 /* CharacterListView.swift */,
			);
			path = Characters;
			sourceTree = "<group>";
		};
		DBAA824D2CC0350B003294CB /* Login */ = {
			isa = PBXGroup;
			children = (
				DBAA824E2CC0351C003294CB /* LoginView.swift */,
				DBE66AAE2CCC6F2A00B74BDE /* LoginViewModel.swift */,
			);
			path = Login;
			sourceTree = "<group>";
		};
		DBC506402CCD2135003F76BD /* Home */ = {
			isa = PBXGroup;
			children = (
				DBC506412CCD2151003F76BD /* HomeTabView.swift */,
			);
			path = Home;
			sourceTree = "<group>";
		};
/* End PBXGroup section */

/* Begin PBXNativeTarget section */
		DB095FA72CB8941600F420C3 /* RickAndMortyApp */ = {
			isa = PBXNativeTarget;
			buildConfigurationList = DB095FB62CB8941700F420C3 /* Build configuration list for PBXNativeTarget "RickAndMortyApp" */;
			buildPhases = (
				DB095FA42CB8941600F420C3 /* Sources */,
				DB095FA52CB8941600F420C3 /* Frameworks */,
				DB095FA62CB8941600F420C3 /* Resources */,
			);
			buildRules = (
			);
			dependencies = (
			);
			name = RickAndMortyApp;
			packageProductDependencies = (
				DB095FBA2CB8958F00F420C3 /* Alamofire */,
				DB095FBC2CB8958F00F420C3 /* AlamofireDynamic */,
			);
			productName = RickAndMortyApp;
			productReference = DB095FA82CB8941600F420C3 /* RickAndMortyApp.app */;
			productType = "com.apple.product-type.application";
		};
/* End PBXNativeTarget section */

/* Begin PBXProject section */
		DB095FA02CB8941600F420C3 /* Project object */ = {
			isa = PBXProject;
			attributes = {
				BuildIndependentTargetsInParallel = 1;
				LastSwiftUpdateCheck = 1530;
				LastUpgradeCheck = 1530;
				TargetAttributes = {
					DB095FA72CB8941600F420C3 = {
						CreatedOnToolsVersion = 15.3;
					};
				};
			};
			buildConfigurationList = DB095FA32CB8941600F420C3 /* Build configuration list for PBXProject "RickAndMortyApp" */;
			compatibilityVersion = "Xcode 14.0";
			developmentRegion = en;
			hasScannedForEncodings = 0;
			knownRegions = (
				en,
				Base,
			);
			mainGroup = DB095F9F2CB8941600F420C3;
			packageReferences = (
				DB095FB92CB8958F00F420C3 /* XCRemoteSwiftPackageReference "Alamofire" */,
			);
			productRefGroup = DB095FA92CB8941600F420C3 /* Products */;
			projectDirPath = "";
			projectRoot = "";
			targets = (
				DB095FA72CB8941600F420C3 /* RickAndMortyApp */,
			);
		};
/* End PBXProject section */

/* Begin PBXResourcesBuildPhase section */
		DB095FA62CB8941600F420C3 /* Resources */ = {
			isa = PBXResourcesBuildPhase;
			buildActionMask = 2147483647;
			files = (
				DB095FB32CB8941700F420C3 /* Preview Assets.xcassets in Resources */,
				DBF33DAA2CBDFF2D0046E503 /* Launch Screen.storyboard in Resources */,
				DB095FB02CB8941700F420C3 /* Assets.xcassets in Resources */,
			);
			runOnlyForDeploymentPostprocessing = 0;
		};
/* End PBXResourcesBuildPhase section */

/* Begin PBXSourcesBuildPhase section */
		DB095FA42CB8941600F420C3 /* Sources */ = {
			isa = PBXSourcesBuildPhase;
			buildActionMask = 2147483647;
			files = (
				DBCBFF2C2CBEEADE00C3F385 /* SplashScreenView.swift in Sources */,
				DB095FC82CB8987C00F420C3 /* RickAndMortyService.swift in Sources */,
				DB095FCF2CB89EEA00F420C3 /* RMImageView.swift in Sources */,
				DB095FD22CB8A03900F420C3 /* Constants.swift in Sources */,
				DB095FC22CB8961F00F420C3 /* CharacterModel.swift in Sources */,
				DB095FCC2CB89A2100F420C3 /* CharacterListView.swift in Sources */,
				DB095FAE2CB8941600F420C3 /* ContentView.swift in Sources */,
				DB095FC62CB896EF00F420C3 /* NetworkService.swift in Sources */,
				DBE66AAF2CCC6F2A00B74BDE /* LoginViewModel.swift in Sources */,
				DBC506422CCD2151003F76BD /* HomeTabView.swift in Sources */,
				DBAA82522CC03AFB003294CB /* UIFactory.swift in Sources */,
				DBAA824F2CC0351C003294CB /* LoginView.swift in Sources */,
				DB095FCA2CB898FB00F420C3 /* CharacterViewModel.swift in Sources */,
				DB095FAC2CB8941600F420C3 /* RickAndMortyAppApp.swift in Sources */,
				DB4D0DC02CC17C4B0053EC2F /* FieldValidator.swift in Sources */,
				DBE1858D2CC1831100C81C56 /* RMAlert.swift in Sources */,
			);
			runOnlyForDeploymentPostprocessing = 0;
		};
/* End PBXSourcesBuildPhase section */

/* Begin XCBuildConfiguration section */
		DB095FB42CB8941700F420C3 /* Debug */ = {
			isa = XCBuildConfiguration;
			buildSettings = {
				ALWAYS_SEARCH_USER_PATHS = NO;
				ASSETCATALOG_COMPILER_GENERATE_SWIFT_ASSET_SYMBOL_EXTENSIONS = YES;
				CLANG_ANALYZER_NONNULL = YES;
				CLANG_ANALYZER_NUMBER_OBJECT_CONVERSION = YES_AGGRESSIVE;
				CLANG_CXX_LANGUAGE_STANDARD = "gnu++20";
				CLANG_ENABLE_MODULES = YES;
				CLANG_ENABLE_OBJC_ARC = YES;
				CLANG_ENABLE_OBJC_WEAK = YES;
				CLANG_WARN_BLOCK_CAPTURE_AUTORELEASING = YES;
				CLANG_WARN_BOOL_CONVERSION = YES;
				CLANG_WARN_COMMA = YES;
				CLANG_WARN_CONSTANT_CONVERSION = YES;
				CLANG_WARN_DEPRECATED_OBJC_IMPLEMENTATIONS = YES;
				CLANG_WARN_DIRECT_OBJC_ISA_USAGE = YES_ERROR;
				CLANG_WARN_DOCUMENTATION_COMMENTS = YES;
				CLANG_WARN_EMPTY_BODY = YES;
				CLANG_WARN_ENUM_CONVERSION = YES;
				CLANG_WARN_INFINITE_RECURSION = YES;
				CLANG_WARN_INT_CONVERSION = YES;
				CLANG_WARN_NON_LITERAL_NULL_CONVERSION = YES;
				CLANG_WARN_OBJC_IMPLICIT_RETAIN_SELF = YES;
				CLANG_WARN_OBJC_LITERAL_CONVERSION = YES;
				CLANG_WARN_OBJC_ROOT_CLASS = YES_ERROR;
				CLANG_WARN_QUOTED_INCLUDE_IN_FRAMEWORK_HEADER = YES;
				CLANG_WARN_RANGE_LOOP_ANALYSIS = YES;
				CLANG_WARN_STRICT_PROTOTYPES = YES;
				CLANG_WARN_SUSPICIOUS_MOVE = YES;
				CLANG_WARN_UNGUARDED_AVAILABILITY = YES_AGGRESSIVE;
				CLANG_WARN_UNREACHABLE_CODE = YES;
				CLANG_WARN__DUPLICATE_METHOD_MATCH = YES;
				COPY_PHASE_STRIP = NO;
				DEBUG_INFORMATION_FORMAT = dwarf;
				ENABLE_STRICT_OBJC_MSGSEND = YES;
				ENABLE_TESTABILITY = YES;
				ENABLE_USER_SCRIPT_SANDBOXING = YES;
				GCC_C_LANGUAGE_STANDARD = gnu17;
				GCC_DYNAMIC_NO_PIC = NO;
				GCC_NO_COMMON_BLOCKS = YES;
				GCC_OPTIMIZATION_LEVEL = 0;
				GCC_PREPROCESSOR_DEFINITIONS = (
					"DEBUG=1",
					"$(inherited)",
				);
				GCC_WARN_64_TO_32_BIT_CONVERSION = YES;
				GCC_WARN_ABOUT_RETURN_TYPE = YES_ERROR;
				GCC_WARN_UNDECLARED_SELECTOR = YES;
				GCC_WARN_UNINITIALIZED_AUTOS = YES_AGGRESSIVE;
				GCC_WARN_UNUSED_FUNCTION = YES;
				GCC_WARN_UNUSED_VARIABLE = YES;
				IPHONEOS_DEPLOYMENT_TARGET = 17.4;
				LOCALIZATION_PREFERS_STRING_CATALOGS = YES;
				MTL_ENABLE_DEBUG_INFO = INCLUDE_SOURCE;
				MTL_FAST_MATH = YES;
				ONLY_ACTIVE_ARCH = YES;
				SDKROOT = iphoneos;
				SWIFT_ACTIVE_COMPILATION_CONDITIONS = "DEBUG $(inherited)";
				SWIFT_OPTIMIZATION_LEVEL = "-Onone";
			};
			name = Debug;
		};
		DB095FB52CB8941700F420C3 /* Release */ = {
			isa = XCBuildConfiguration;
			buildSettings = {
				ALWAYS_SEARCH_USER_PATHS = NO;
				ASSETCATALOG_COMPILER_GENERATE_SWIFT_ASSET_SYMBOL_EXTENSIONS = YES;
				CLANG_ANALYZER_NONNULL = YES;
				CLANG_ANALYZER_NUMBER_OBJECT_CONVERSION = YES_AGGRESSIVE;
				CLANG_CXX_LANGUAGE_STANDARD = "gnu++20";
				CLANG_ENABLE_MODULES = YES;
				CLANG_ENABLE_OBJC_ARC = YES;
				CLANG_ENABLE_OBJC_WEAK = YES;
				CLANG_WARN_BLOCK_CAPTURE_AUTORELEASING = YES;
				CLANG_WARN_BOOL_CONVERSION = YES;
				CLANG_WARN_COMMA = YES;
				CLANG_WARN_CONSTANT_CONVERSION = YES;
				CLANG_WARN_DEPRECATED_OBJC_IMPLEMENTATIONS = YES;
				CLANG_WARN_DIRECT_OBJC_ISA_USAGE = YES_ERROR;
				CLANG_WARN_DOCUMENTATION_COMMENTS = YES;
				CLANG_WARN_EMPTY_BODY = YES;
				CLANG_WARN_ENUM_CONVERSION = YES;
				CLANG_WARN_INFINITE_RECURSION = YES;
				CLANG_WARN_INT_CONVERSION = YES;
				CLANG_WARN_NON_LITERAL_NULL_CONVERSION = YES;
				CLANG_WARN_OBJC_IMPLICIT_RETAIN_SELF = YES;
				CLANG_WARN_OBJC_LITERAL_CONVERSION = YES;
				CLANG_WARN_OBJC_ROOT_CLASS = YES_ERROR;
				CLANG_WARN_QUOTED_INCLUDE_IN_FRAMEWORK_HEADER = YES;
				CLANG_WARN_RANGE_LOOP_ANALYSIS = YES;
				CLANG_WARN_STRICT_PROTOTYPES = YES;
				CLANG_WARN_SUSPICIOUS_MOVE = YES;
				CLANG_WARN_UNGUARDED_AVAILABILITY = YES_AGGRESSIVE;
				CLANG_WARN_UNREACHABLE_CODE = YES;
				CLANG_WARN__DUPLICATE_METHOD_MATCH = YES;
				COPY_PHASE_STRIP = NO;
				DEBUG_INFORMATION_FORMAT = "dwarf-with-dsym";
				ENABLE_NS_ASSERTIONS = NO;
				ENABLE_STRICT_OBJC_MSGSEND = YES;
				ENABLE_USER_SCRIPT_SANDBOXING = YES;
				GCC_C_LANGUAGE_STANDARD = gnu17;
				GCC_NO_COMMON_BLOCKS = YES;
				GCC_WARN_64_TO_32_BIT_CONVERSION = YES;
				GCC_WARN_ABOUT_RETURN_TYPE = YES_ERROR;
				GCC_WARN_UNDECLARED_SELECTOR = YES;
				GCC_WARN_UNINITIALIZED_AUTOS = YES_AGGRESSIVE;
				GCC_WARN_UNUSED_FUNCTION = YES;
				GCC_WARN_UNUSED_VARIABLE = YES;
				IPHONEOS_DEPLOYMENT_TARGET = 17.4;
				LOCALIZATION_PREFERS_STRING_CATALOGS = YES;
				MTL_ENABLE_DEBUG_INFO = NO;
				MTL_FAST_MATH = YES;
				SDKROOT = iphoneos;
				SWIFT_COMPILATION_MODE = wholemodule;
				VALIDATE_PRODUCT = YES;
			};
			name = Release;
		};
		DB095FB72CB8941700F420C3 /* Debug */ = {
			isa = XCBuildConfiguration;
			buildSettings = {
				ASSETCATALOG_COMPILER_APPICON_NAME = AppIcon;
				ASSETCATALOG_COMPILER_GLOBAL_ACCENT_COLOR_NAME = AccentColor;
				CODE_SIGN_STYLE = Automatic;
				CURRENT_PROJECT_VERSION = 1;
				DEVELOPMENT_ASSET_PATHS = "\"RickAndMortyApp/Preview Content\"";
				ENABLE_PREVIEWS = YES;
				GENERATE_INFOPLIST_FILE = YES;
				INFOPLIST_KEY_UIApplicationSceneManifest_Generation = YES;
				INFOPLIST_KEY_UIApplicationSupportsIndirectInputEvents = YES;
				INFOPLIST_KEY_UILaunchScreen_Generation = YES;
				INFOPLIST_KEY_UILaunchStoryboardName = "Launch Screen.storyboard";
				INFOPLIST_KEY_UISupportedInterfaceOrientations_iPad = "UIInterfaceOrientationPortrait UIInterfaceOrientationPortraitUpsideDown UIInterfaceOrientationLandscapeLeft UIInterfaceOrientationLandscapeRight";
				INFOPLIST_KEY_UISupportedInterfaceOrientations_iPhone = "UIInterfaceOrientationPortrait UIInterfaceOrientationLandscapeLeft UIInterfaceOrientationLandscapeRight";
				LD_RUNPATH_SEARCH_PATHS = (
					"$(inherited)",
					"@executable_path/Frameworks",
				);
				MARKETING_VERSION = 1.0;
				PRODUCT_BUNDLE_IDENTIFIER = com.diego.RickAndMortyApp;
				PRODUCT_NAME = "$(TARGET_NAME)";
				SWIFT_EMIT_LOC_STRINGS = YES;
				SWIFT_VERSION = 5.0;
				TARGETED_DEVICE_FAMILY = "1,2";
			};
			name = Debug;
		};
		DB095FB82CB8941700F420C3 /* Release */ = {
			isa = XCBuildConfiguration;
			buildSettings = {
				ASSETCATALOG_COMPILER_APPICON_NAME = AppIcon;
				ASSETCATALOG_COMPILER_GLOBAL_ACCENT_COLOR_NAME = AccentColor;
				CODE_SIGN_STYLE = Automatic;
				CURRENT_PROJECT_VERSION = 1;
				DEVELOPMENT_ASSET_PATHS = "\"RickAndMortyApp/Preview Content\"";
				ENABLE_PREVIEWS = YES;
				GENERATE_INFOPLIST_FILE = YES;
				INFOPLIST_KEY_UIApplicationSceneManifest_Generation = YES;
				INFOPLIST_KEY_UIApplicationSupportsIndirectInputEvents = YES;
				INFOPLIST_KEY_UILaunchScreen_Generation = YES;
				INFOPLIST_KEY_UILaunchStoryboardName = "Launch Screen.storyboard";
				INFOPLIST_KEY_UISupportedInterfaceOrientations_iPad = "UIInterfaceOrientationPortrait UIInterfaceOrientationPortraitUpsideDown UIInterfaceOrientationLandscapeLeft UIInterfaceOrientationLandscapeRight";
				INFOPLIST_KEY_UISupportedInterfaceOrientations_iPhone = "UIInterfaceOrientationPortrait UIInterfaceOrientationLandscapeLeft UIInterfaceOrientationLandscapeRight";
				LD_RUNPATH_SEARCH_PATHS = (
					"$(inherited)",
					"@executable_path/Frameworks",
				);
				MARKETING_VERSION = 1.0;
				PRODUCT_BUNDLE_IDENTIFIER = com.diego.RickAndMortyApp;
				PRODUCT_NAME = "$(TARGET_NAME)";
				SWIFT_EMIT_LOC_STRINGS = YES;
				SWIFT_VERSION = 5.0;
				TARGETED_DEVICE_FAMILY = "1,2";
			};
			name = Release;
		};
/* End XCBuildConfiguration section */

/* Begin XCConfigurationList section */
		DB095FA32CB8941600F420C3 /* Build configuration list for PBXProject "RickAndMortyApp" */ = {
			isa = XCConfigurationList;
			buildConfigurations = (
				DB095FB42CB8941700F420C3 /* Debug */,
				DB095FB52CB8941700F420C3 /* Release */,
			);
			defaultConfigurationIsVisible = 0;
			defaultConfigurationName = Release;
		};
		DB095FB62CB8941700F420C3 /* Build configuration list for PBXNativeTarget "RickAndMortyApp" */ = {
			isa = XCConfigurationList;
			buildConfigurations = (
				DB095FB72CB8941700F420C3 /* Debug */,
				DB095FB82CB8941700F420C3 /* Release */,
			);
			defaultConfigurationIsVisible = 0;
			defaultConfigurationName = Release;
		};
/* End XCConfigurationList section */

/* Begin XCRemoteSwiftPackageReference section */
		DB095FB92CB8958F00F420C3 /* XCRemoteSwiftPackageReference "Alamofire" */ = {
			isa = XCRemoteSwiftPackageReference;
			repositoryURL = "https://github.com/Alamofire/Alamofire";
			requirement = {
				kind = upToNextMajorVersion;
				minimumVersion = 5.9.1;
			};
		};
/* End XCRemoteSwiftPackageReference section */

/* Begin XCSwiftPackageProductDependency section */
		DB095FBA2CB8958F00F420C3 /* Alamofire */ = {
			isa = XCSwiftPackageProductDependency;
			package = DB095FB92CB8958F00F420C3 /* XCRemoteSwiftPackageReference "Alamofire" */;
			productName = Alamofire;
		};
		DB095FBC2CB8958F00F420C3 /* AlamofireDynamic */ = {
			isa = XCSwiftPackageProductDependency;
			package = DB095FB92CB8958F00F420C3 /* XCRemoteSwiftPackageReference "Alamofire" */;
			productName = AlamofireDynamic;
		};
/* End XCSwiftPackageProductDependency section */
	};
	rootObject = DB095FA02CB8941600F420C3 /* Project object */;
}
